
Microsoft Visual Studio Solution File, Format Version 12.00
# Visual Studio 15
VisualStudioVersion = 15.0.33423.255
MinimumVisualStudioVersion = 10.0.40219.1
Project("{FAE04EC0-301F-11D3-BF4B-00C04F79EFBC}") = "EjemploTask", "EjemploTask\EjemploTask.csproj", "{39C79CAA-43B6-4DEF-B2DC-766E3D3F08CF}"
EndProject
Global
	GlobalSection(SolutionConfigurationPlatforms) = preSolution
		Debug|Any CPU = Debug|Any CPU
		Release|Any CPU = Release|Any CPU
	EndGlobalSection
	GlobalSection(ProjectConfigurationPlatforms) = postSolution
		{39C79CAA-43B6-4DEF-B2DC-766E3D3F08CF}.Debug|Any CPU.ActiveCfg = Debug|Any CPU
		{39C79CAA-43B6-4DEF-B2DC-766E3D3F08CF}.Debug|Any CPU.Build.0 = Debug|Any CPU
		{39C79CAA-43B6-4DEF-B2DC-766E3D3F08CF}.Release|Any CPU.ActiveCfg = Release|Any CPU
		{39C79CAA-43B6-4DEF-B2DC-766E3D3F08CF}.Release|Any CPU.Build.0 = Release|Any CPU
	EndGlobalSection
	GlobalSection(SolutionProperties) = preSolution
		HideSolutionNode = FALSE
	EndGlobalSection
	GlobalSection(ExtensibilityGlobals) = postSolution
		SolutionGuid = {262D0DCD-5937-4A7B-BAFB-FBD404F34410}
	EndGlobalSection
EndGlobal
